
Microsoft Visual Studio Solution File, Format Version 12.00
# Visual Studio Version 17
VisualStudioVersion = 17.1.32319.34
MinimumVisualStudioVersion = 10.0.40219.1
Project("{9A19103F-16F7-4668-BE54-9A1E7A4F7556}") = "Base.WebApi", "Hotel.WebApi\Base.WebApi.csproj", "{A8F0D23C-592E-4283-ADAA-00328DD9D765}"
EndProject
Project("{9A19103F-16F7-4668-BE54-9A1E7A4F7556}") = "Base.WebApi.core", "Hotel.WebApi.core\Base.WebApi.core.csproj", "{B2DF5AC6-3158-4E45-B991-2DB3F2929FC4}"
EndProject
Project("{9A19103F-16F7-4668-BE54-9A1E7A4F7556}") = "Infrastructure", "Infrastructure\Infrastructure.csproj", "{84C01060-1DD7-4425-82D2-F7A06E38ACBC}"
EndProject
Global
	GlobalSection(SolutionConfigurationPlatforms) = preSolution
		Debug|Any CPU = Debug|Any CPU
		Release|Any CPU = Release|Any CPU
	EndGlobalSection
	GlobalSection(ProjectConfigurationPlatforms) = postSolution
		{A8F0D23C-592E-4283-ADAA-00328DD9D765}.Debug|Any CPU.ActiveCfg = Debug|Any CPU
		{A8F0D23C-592E-4283-ADAA-00328DD9D765}.Debug|Any CPU.Build.0 = Debug|Any CPU
		{A8F0D23C-592E-4283-ADAA-00328DD9D765}.Release|Any CPU.ActiveCfg = Release|Any CPU
		{A8F0D23C-592E-4283-ADAA-00328DD9D765}.Release|Any CPU.Build.0 = Release|Any CPU
		{B2DF5AC6-3158-4E45-B991-2DB3F2929FC4}.Debug|Any CPU.ActiveCfg = Debug|Any CPU
		{B2DF5AC6-3158-4E45-B991-2DB3F2929FC4}.Debug|Any CPU.Build.0 = Debug|Any CPU
		{B2DF5AC6-3158-4E45-B991-2DB3F2929FC4}.Release|Any CPU.ActiveCfg = Release|Any CPU
		{B2DF5AC6-3158-4E45-B991-2DB3F2929FC4}.Release|Any CPU.Build.0 = Release|Any CPU
		{84C01060-1DD7-4425-82D2-F7A06E38ACBC}.Debug|Any CPU.ActiveCfg = Debug|Any CPU
		{84C01060-1DD7-4425-82D2-F7A06E38ACBC}.Debug|Any CPU.Build.0 = Debug|Any CPU
		{84C01060-1DD7-4425-82D2-F7A06E38ACBC}.Release|Any CPU.ActiveCfg = Release|Any CPU
		{84C01060-1DD7-4425-82D2-F7A06E38ACBC}.Release|Any CPU.Build.0 = Release|Any CPU
	EndGlobalSection
	GlobalSection(SolutionProperties) = preSolution
		HideSolutionNode = FALSE
	EndGlobalSection
	GlobalSection(ExtensibilityGlobals) = postSolution
		SolutionGuid = {583885AD-4810-4B72-AF43-68D77AC6B08B}
	EndGlobalSection
EndGlobal
